
Microsoft Visual Studio Solution File, Format Version 12.00
# Visual Studio Version 17
VisualStudioVersion = 17.6.33723.286
MinimumVisualStudioVersion = 10.0.40219.1
Project("{FAE04EC0-301F-11D3-BF4B-00C04F79EFBC}") = "Calculator", "Calculator\Calculator.csproj", "{AD337805-32CD-42AC-82C8-6D3142F3E8EB}"
EndProject
Project("{FAE04EC0-301F-11D3-BF4B-00C04F79EFBC}") = "TestProjectCalculator", "TestProjectCalculator\TestProjectCalculator.csproj", "{EF61EAE5-F554-45C9-ADDB-6D0EA2260C38}"
EndProject
Global
	GlobalSection(SolutionConfigurationPlatforms) = preSolution
		Debug|Any CPU = Debug|Any CPU
		Release|Any CPU = Release|Any CPU
	EndGlobalSection
	GlobalSection(ProjectConfigurationPlatforms) = postSolution
		{AD337805-32CD-42AC-82C8-6D3142F3E8EB}.Debug|Any CPU.ActiveCfg = Debug|Any CPU
		{AD337805-32CD-42AC-82C8-6D3142F3E8EB}.Debug|Any CPU.Build.0 = Debug|Any CPU
		{AD337805-32CD-42AC-82C8-6D3142F3E8EB}.Release|Any CPU.ActiveCfg = Release|Any CPU
		{AD337805-32CD-42AC-82C8-6D3142F3E8EB}.Release|Any CPU.Build.0 = Release|Any CPU
		{EF61EAE5-F554-45C9-ADDB-6D0EA2260C38}.Debug|Any CPU.ActiveCfg = Debug|Any CPU
		{EF61EAE5-F554-45C9-ADDB-6D0EA2260C38}.Debug|Any CPU.Build.0 = Debug|Any CPU
		{EF61EAE5-F554-45C9-ADDB-6D0EA2260C38}.Release|Any CPU.ActiveCfg = Release|Any CPU
		{EF61EAE5-F554-45C9-ADDB-6D0EA2260C38}.Release|Any CPU.Build.0 = Release|Any CPU
	EndGlobalSection
	GlobalSection(SolutionProperties) = preSolution
		HideSolutionNode = FALSE
	EndGlobalSection
	GlobalSection(ExtensibilityGlobals) = postSolution
		SolutionGuid = {AEC85AE0-F95F-42C4-9BA9-EC1F1CA54928}
	EndGlobalSection
EndGlobal
